
Microsoft Visual Studio Solution File, Format Version 12.00
# Visual Studio 15
Project("{FAE04EC0-301F-11D3-BF4B-00C04F79EFBC}") = "Assembly-CSharp", "Assembly-CSharp.csproj", "{7F468764-D1C2-BD20-31FD-1701CE21D957}"
EndProject
Project("{FAE04EC0-301F-11D3-BF4B-00C04F79EFBC}") = "Assembly-CSharp-Editor", "Assembly-CSharp-Editor.csproj", "{BF578A66-C056-7C2C-6EC7-464C8BAB12FC}"
EndProject
Global
	GlobalSection(SolutionConfigurationPlatforms) = preSolution
		Debug|Any CPU = Debug|Any CPU
		Release|Any CPU = Release|Any CPU
	EndGlobalSection
	GlobalSection(ProjectConfigurationPlatforms) = postSolution
		{7F468764-D1C2-BD20-31FD-1701CE21D957}.Debug|Any CPU.ActiveCfg = Debug|Any CPU
		{7F468764-D1C2-BD20-31FD-1701CE21D957}.Debug|Any CPU.Build.0 = Debug|Any CPU
		{7F468764-D1C2-BD20-31FD-1701CE21D957}.Release|Any CPU.ActiveCfg = Release|Any CPU
		{7F468764-D1C2-BD20-31FD-1701CE21D957}.Release|Any CPU.Build.0 = Release|Any CPU
		{BF578A66-C056-7C2C-6EC7-464C8BAB12FC}.Debug|Any CPU.ActiveCfg = Debug|Any CPU
		{BF578A66-C056-7C2C-6EC7-464C8BAB12FC}.Debug|Any CPU.Build.0 = Debug|Any CPU
		{BF578A66-C056-7C2C-6EC7-464C8BAB12FC}.Release|Any CPU.ActiveCfg = Release|Any CPU
		{BF578A66-C056-7C2C-6EC7-464C8BAB12FC}.Release|Any CPU.Build.0 = Release|Any CPU
	EndGlobalSection
	GlobalSection(SolutionProperties) = preSolution
		HideSolutionNode = FALSE
	EndGlobalSection
EndGlobal
